// !$*UTF8*$!
{
	archiveVersion = 1;
	classes = {
	};
	objectVersion = 46;
	objects = {

/* Begin PBXBuildFile section */
		02C7FA321BD9E7280095A3D8 /* AppDelegate.swift in Sources */ = {isa = PBXBuildFile; fileRef = 02C7FA311BD9E7280095A3D8 /* AppDelegate.swift */; };
		02C7FA341BD9E7280095A3D8 /* ViewController.swift in Sources */ = {isa = PBXBuildFile; fileRef = 02C7FA331BD9E7280095A3D8 /* ViewController.swift */; };
		02C7FA371BD9E7280095A3D8 /* Main.storyboard in Resources */ = {isa = PBXBuildFile; fileRef = 02C7FA351BD9E7280095A3D8 /* Main.storyboard */; };
		02C7FA391BD9E7280095A3D8 /* Assets.xcassets in Resources */ = {isa = PBXBuildFile; fileRef = 02C7FA381BD9E7280095A3D8 /* Assets.xcassets */; };
		02C7FA3C1BD9E7280095A3D8 /* LaunchScreen.storyboard in Resources */ = {isa = PBXBuildFile; fileRef = 02C7FA3A1BD9E7280095A3D8 /* LaunchScreen.storyboard */; };
		02C7FA481BD9E9E60095A3D8 /* HomeCollectionViewController.swift in Sources */ = {isa = PBXBuildFile; fileRef = 02C7FA471BD9E9E60095A3D8 /* HomeCollectionViewController.swift */; };
		02C7FA4A1BD9EAA90095A3D8 /* HomeYearCollectionViewCell.swift in Sources */ = {isa = PBXBuildFile; fileRef = 02C7FA491BD9EAA90095A3D8 /* HomeYearCollectionViewCell.swift */; };
		02C7FA4C1BD9EAE70095A3D8 /* DiaryLabel.swift in Sources */ = {isa = PBXBuildFile; fileRef = 02C7FA4B1BD9EAE70095A3D8 /* DiaryLabel.swift */; };
		02C7FA4E1BD9EBD40095A3D8 /* TpldKhangXiDictTrial.otf in Resources */ = {isa = PBXBuildFile; fileRef = 02C7FA4D1BD9EBD40095A3D8 /* TpldKhangXiDictTrial.otf */; };
		02C7FA501BD9EC000095A3D8 /* Wyue-GutiFangsong-NC_deliverable.otf in Resources */ = {isa = PBXBuildFile; fileRef = 02C7FA4F1BD9EC000095A3D8 /* Wyue-GutiFangsong-NC_deliverable.otf */; };
		02C7FA521BD9ED0A0095A3D8 /* DiaryLayout.swift in Sources */ = {isa = PBXBuildFile; fileRef = 02C7FA511BD9ED0A0095A3D8 /* DiaryLayout.swift */; };
/* End PBXBuildFile section */

/* Begin PBXFileReference section */
		02C7FA2E1BD9E7280095A3D8 /* Note.app */ = {isa = PBXFileReference; explicitFileType = wrapper.application; includeInIndex = 0; path = Note.app; sourceTree = BUILT_PRODUCTS_DIR; };
		02C7FA311BD9E7280095A3D8 /* AppDelegate.swift */ = {isa = PBXFileReference; lastKnownFileType = sourcecode.swift; path = AppDelegate.swift; sourceTree = "<group>"; };
		02C7FA331BD9E7280095A3D8 /* ViewController.swift */ = {isa = PBXFileReference; lastKnownFileType = sourcecode.swift; path = ViewController.swift; sourceTree = "<group>"; };
		02C7FA361BD9E7280095A3D8 /* Base */ = {isa = PBXFileReference; lastKnownFileType = file.storyboard; name = Base; path = Base.lproj/Main.storyboard; sourceTree = "<group>"; };
		02C7FA381BD9E7280095A3D8 /* Assets.xcassets */ = {isa = PBXFileReference; lastKnownFileType = folder.assetcatalog; path = Assets.xcassets; sourceTree = "<group>"; };
		02C7FA3B1BD9E7280095A3D8 /* Base */ = {isa = PBXFileReference; lastKnownFileType = file.storyboard; name = Base; path = Base.lproj/LaunchScreen.storyboard; sourceTree = "<group>"; };
		02C7FA3D1BD9E7280095A3D8 /* Info.plist */ = {isa = PBXFileReference; lastKnownFileType = text.plist.xml; path = Info.plist; sourceTree = "<group>"; };
		02C7FA471BD9E9E60095A3D8 /* HomeCollectionViewController.swift */ = {isa = PBXFileReference; fileEncoding = 4; lastKnownFileType = sourcecode.swift; path = HomeCollectionViewController.swift; sourceTree = "<group>"; };
		02C7FA491BD9EAA90095A3D8 /* HomeYearCollectionViewCell.swift */ = {isa = PBXFileReference; fileEncoding = 4; lastKnownFileType = sourcecode.swift; path = HomeYearCollectionViewCell.swift; sourceTree = "<group>"; };
		02C7FA4B1BD9EAE70095A3D8 /* DiaryLabel.swift */ = {isa = PBXFileReference; fileEncoding = 4; lastKnownFileType = sourcecode.swift; path = DiaryLabel.swift; sourceTree = "<group>"; };
		02C7FA4D1BD9EBD40095A3D8 /* TpldKhangXiDictTrial.otf */ = {isa = PBXFileReference; lastKnownFileType = file; name = TpldKhangXiDictTrial.otf; path = ../TpldKhangXiDictTrial.otf; sourceTree = "<group>"; };
		02C7FA4F1BD9EC000095A3D8 /* Wyue-GutiFangsong-NC_deliverable.otf */ = {isa = PBXFileReference; lastKnownFileType = file; path = "Wyue-GutiFangsong-NC_deliverable.otf"; sourceTree = "<group>"; };
		02C7FA511BD9ED0A0095A3D8 /* DiaryLayout.swift */ = {isa = PBXFileReference; fileEncoding = 4; lastKnownFileType = sourcecode.swift; path = DiaryLayout.swift; sourceTree = "<group>"; };
/* End PBXFileReference section */

/* Begin PBXFrameworksBuildPhase section */
		02C7FA2B1BD9E7280095A3D8 /* Frameworks */ = {
			isa = PBXFrameworksBuildPhase;
			buildActionMask = 2147483647;
			files = (
			);
			runOnlyForDeploymentPostprocessing = 0;
		};
/* End PBXFrameworksBuildPhase section */

/* Begin PBXGroup section */
		02C7FA251BD9E7280095A3D8 = {
			isa = PBXGroup;
			children = (
				02C7FA301BD9E7280095A3D8 /* Note */,
				02C7FA2F1BD9E7280095A3D8 /* Products */,
			);
			sourceTree = "<group>";
		};
		02C7FA2F1BD9E7280095A3D8 /* Products */ = {
			isa = PBXGroup;
			children = (
				02C7FA2E1BD9E7280095A3D8 /* Note.app */,
			);
			name = Products;
			sourceTree = "<group>";
		};
		02C7FA301BD9E7280095A3D8 /* Note */ = {
			isa = PBXGroup;
			children = (
				02C7FA311BD9E7280095A3D8 /* AppDelegate.swift */,
				02C7FA331BD9E7280095A3D8 /* ViewController.swift */,
				02C7FA351BD9E7280095A3D8 /* Main.storyboard */,
				02C7FA381BD9E7280095A3D8 /* Assets.xcassets */,
				02C7FA3A1BD9E7280095A3D8 /* LaunchScreen.storyboard */,
				02C7FA3D1BD9E7280095A3D8 /* Info.plist */,
				02C7FA471BD9E9E60095A3D8 /* HomeCollectionViewController.swift */,
				02C7FA491BD9EAA90095A3D8 /* HomeYearCollectionViewCell.swift */,
				02C7FA4B1BD9EAE70095A3D8 /* DiaryLabel.swift */,
				02C7FA4D1BD9EBD40095A3D8 /* TpldKhangXiDictTrial.otf */,
				02C7FA4F1BD9EC000095A3D8 /* Wyue-GutiFangsong-NC_deliverable.otf */,
				02C7FA511BD9ED0A0095A3D8 /* DiaryLayout.swift */,
			);
			path = Note;
			sourceTree = "<group>";
		};
/* End PBXGroup section */

/* Begin PBXNativeTarget section */
		02C7FA2D1BD9E7280095A3D8 /* Note */ = {
			isa = PBXNativeTarget;
			buildConfigurationList = 02C7FA401BD9E7280095A3D8 /* Build configuration list for PBXNativeTarget "Note" */;
			buildPhases = (
				02C7FA2A1BD9E7280095A3D8 /* Sources */,
				02C7FA2B1BD9E7280095A3D8 /* Frameworks */,
				02C7FA2C1BD9E7280095A3D8 /* Resources */,
			);
			buildRules = (
			);
			dependencies = (
			);
			name = Note;
			productName = Note;
			productReference = 02C7FA2E1BD9E7280095A3D8 /* Note.app */;
			productType = "com.apple.product-type.application";
		};
/* End PBXNativeTarget section */

/* Begin PBXProject section */
		02C7FA261BD9E7280095A3D8 /* Project object */ = {
			isa = PBXProject;
			attributes = {
				LastSwiftUpdateCheck = 0710;
				LastUpgradeCheck = 0710;
				ORGANIZATIONNAME = overtrue;
				TargetAttributes = {
					02C7FA2D1BD9E7280095A3D8 = {
						CreatedOnToolsVersion = 7.1;
						DevelopmentTeam = CXFP2226F4;
					};
				};
			};
			buildConfigurationList = 02C7FA291BD9E7280095A3D8 /* Build configuration list for PBXProject "Note" */;
			compatibilityVersion = "Xcode 3.2";
			developmentRegion = English;
			hasScannedForEncodings = 0;
			knownRegions = (
				en,
				Base,
			);
			mainGroup = 02C7FA251BD9E7280095A3D8;
			productRefGroup = 02C7FA2F1BD9E7280095A3D8 /* Products */;
			projectDirPath = "";
			projectRoot = "";
			targets = (
				02C7FA2D1BD9E7280095A3D8 /* Note */,
			);
		};
/* End PBXProject section */

/* Begin PBXResourcesBuildPhase section */
		02C7FA2C1BD9E7280095A3D8 /* Resources */ = {
			isa = PBXResourcesBuildPhase;
			buildActionMask = 2147483647;
			files = (
				02C7FA3C1BD9E7280095A3D8 /* LaunchScreen.storyboard in Resources */,
				02C7FA4E1BD9EBD40095A3D8 /* TpldKhangXiDictTrial.otf in Resources */,
				02C7FA391BD9E7280095A3D8 /* Assets.xcassets in Resources */,
				02C7FA371BD9E7280095A3D8 /* Main.storyboard in Resources */,
				02C7FA501BD9EC000095A3D8 /* Wyue-GutiFangsong-NC_deliverable.otf in Resources */,
			);
			runOnlyForDeploymentPostprocessing = 0;
		};
/* End PBXResourcesBuildPhase section */

/* Begin PBXSourcesBuildPhase section */
		02C7FA2A1BD9E7280095A3D8 /* Sources */ = {
			isa = PBXSourcesBuildPhase;
			buildActionMask = 2147483647;
			files = (
				02C7FA4A1BD9EAA90095A3D8 /* HomeYearCollectionViewCell.swift in Sources */,
				02C7FA481BD9E9E60095A3D8 /* HomeCollectionViewController.swift in Sources */,
				02C7FA341BD9E7280095A3D8 /* ViewController.swift in Sources */,
				02C7FA321BD9E7280095A3D8 /* AppDelegate.swift in Sources */,
				02C7FA4C1BD9EAE70095A3D8 /* DiaryLabel.swift in Sources */,
				02C7FA521BD9ED0A0095A3D8 /* DiaryLayout.swift in Sources */,
			);
			runOnlyForDeploymentPostprocessing = 0;
		};
/* End PBXSourcesBuildPhase section */

/* Begin PBXVariantGroup section */
		02C7FA351BD9E7280095A3D8 /* Main.storyboard */ = {
			isa = PBXVariantGroup;
			children = (
				02C7FA361BD9E7280095A3D8 /* Base */,
			);
			name = Main.storyboard;
			sourceTree = "<group>";
		};
		02C7FA3A1BD9E7280095A3D8 /* LaunchScreen.storyboard */ = {
			isa = PBXVariantGroup;
			children = (
				02C7FA3B1BD9E7280095A3D8 /* Base */,
			);
			name = LaunchScreen.storyboard;
			sourceTree = "<group>";
		};
/* End PBXVariantGroup section */

/* Begin XCBuildConfiguration section */
		02C7FA3E1BD9E7280095A3D8 /* Debug */ = {
			isa = XCBuildConfiguration;
			buildSettings = {
				ALWAYS_SEARCH_USER_PATHS = NO;
				CLANG_CXX_LANGUAGE_STANDARD = "gnu++0x";
				CLANG_CXX_LIBRARY = "libc++";
				CLANG_ENABLE_MODULES = YES;
				CLANG_ENABLE_OBJC_ARC = YES;
				CLANG_WARN_BOOL_CONVERSION = YES;
				CLANG_WARN_CONSTANT_CONVERSION = YES;
				CLANG_WARN_DIRECT_OBJC_ISA_USAGE = YES_ERROR;
				CLANG_WARN_EMPTY_BODY = YES;
				CLANG_WARN_ENUM_CONVERSION = YES;
				CLANG_WARN_INT_CONVERSION = YES;
				CLANG_WARN_OBJC_ROOT_CLASS = YES_ERROR;
				CLANG_WARN_UNREACHABLE_CODE = YES;
				CLANG_WARN__DUPLICATE_METHOD_MATCH = YES;
				"CODE_SIGN_IDENTITY[sdk=iphoneos*]" = "iPhone Developer";
				COPY_PHASE_STRIP = NO;
				DEBUG_INFORMATION_FORMAT = dwarf;
				ENABLE_STRICT_OBJC_MSGSEND = YES;
				ENABLE_TESTABILITY = YES;
				GCC_C_LANGUAGE_STANDARD = gnu99;
				GCC_DYNAMIC_NO_PIC = NO;
				GCC_NO_COMMON_BLOCKS = YES;
				GCC_OPTIMIZATION_LEVEL = 0;
				GCC_PREPROCESSOR_DEFINITIONS = (
					"DEBUG=1",
					"$(inherited)",
				);
				GCC_WARN_64_TO_32_BIT_CONVERSION = YES;
				GCC_WARN_ABOUT_RETURN_TYPE = YES_ERROR;
				GCC_WARN_UNDECLARED_SELECTOR = YES;
				GCC_WARN_UNINITIALIZED_AUTOS = YES_AGGRESSIVE;
				GCC_WARN_UNUSED_FUNCTION = YES;
				GCC_WARN_UNUSED_VARIABLE = YES;
				IPHONEOS_DEPLOYMENT_TARGET = 9.1;
				MTL_ENABLE_DEBUG_INFO = YES;
				ONLY_ACTIVE_ARCH = YES;
				SDKROOT = iphoneos;
				SWIFT_OPTIMIZATION_LEVEL = "-Onone";
			};
			name = Debug;
		};
		02C7FA3F1BD9E7280095A3D8 /* Release */ = {
			isa = XCBuildConfiguration;
			buildSettings = {
				ALWAYS_SEARCH_USER_PATHS = NO;
				CLANG_CXX_LANGUAGE_STANDARD = "gnu++0x";
				CLANG_CXX_LIBRARY = "libc++";
				CLANG_ENABLE_MODULES = YES;
				CLANG_ENABLE_OBJC_ARC = YES;
				CLANG_WARN_BOOL_CONVERSION = YES;
				CLANG_WARN_CONSTANT_CONVERSION = YES;
				CLANG_WARN_DIRECT_OBJC_ISA_USAGE = YES_ERROR;
				CLANG_WARN_EMPTY_BODY = YES;
				CLANG_WARN_ENUM_CONVERSION = YES;
				CLANG_WARN_INT_CONVERSION = YES;
				CLANG_WARN_OBJC_ROOT_CLASS = YES_ERROR;
				CLANG_WARN_UNREACHABLE_CODE = YES;
				CLANG_WARN__DUPLICATE_METHOD_MATCH = YES;
				"CODE_SIGN_IDENTITY[sdk=iphoneos*]" = "iPhone Developer";
				COPY_PHASE_STRIP = NO;
				DEBUG_INFORMATION_FORMAT = "dwarf-with-dsym";
				ENABLE_NS_ASSERTIONS = NO;
				ENABLE_STRICT_OBJC_MSGSEND = YES;
				GCC_C_LANGUAGE_STANDARD = gnu99;
				GCC_NO_COMMON_BLOCKS = YES;
				GCC_WARN_64_TO_32_BIT_CONVERSION = YES;
				GCC_WARN_ABOUT_RETURN_TYPE = YES_ERROR;
				GCC_WARN_UNDECLARED_SELECTOR = YES;
				GCC_WARN_UNINITIALIZED_AUTOS = YES_AGGRESSIVE;
				GCC_WARN_UNUSED_FUNCTION = YES;
				GCC_WARN_UNUSED_VARIABLE = YES;
				IPHONEOS_DEPLOYMENT_TARGET = 9.1;
				MTL_ENABLE_DEBUG_INFO = NO;
				SDKROOT = iphoneos;
				VALIDATE_PRODUCT = YES;
			};
			name = Release;
		};
		02C7FA411BD9E7280095A3D8 /* Debug */ = {
			isa = XCBuildConfiguration;
			buildSettings = {
				ASSETCATALOG_COMPILER_APPICON_NAME = AppIcon;
				INFOPLIST_FILE = Note/Info.plist;
				LD_RUNPATH_SEARCH_PATHS = "$(inherited) @executable_path/Frameworks";
				PRODUCT_BUNDLE_IDENTIFIER = overtrue.Note;
				PRODUCT_NAME = "$(TARGET_NAME)";
			};
			name = Debug;
		};
		02C7FA421BD9E7280095A3D8 /* Release */ = {
			isa = XCBuildConfiguration;
			buildSettings = {
				ASSETCATALOG_COMPILER_APPICON_NAME = AppIcon;
				INFOPLIST_FILE = Note/Info.plist;
				LD_RUNPATH_SEARCH_PATHS = "$(inherited) @executable_path/Frameworks";
				PRODUCT_BUNDLE_IDENTIFIER = overtrue.Note;
				PRODUCT_NAME = "$(TARGET_NAME)";
			};
			name = Release;
		};
/* End XCBuildConfiguration section */

/* Begin XCConfigurationList section */
		02C7FA291BD9E7280095A3D8 /* Build configuration list for PBXProject "Note" */ = {
			isa = XCConfigurationList;
			buildConfigurations = (
				02C7FA3E1BD9E7280095A3D8 /* Debug */,
				02C7FA3F1BD9E7280095A3D8 /* Release */,
			);
			defaultConfigurationIsVisible = 0;
			defaultConfigurationName = Release;
		};
		02C7FA401BD9E7280095A3D8 /* Build configuration list for PBXNativeTarget "Note" */ = {
			isa = XCConfigurationList;
			buildConfigurations = (
				02C7FA411BD9E7280095A3D8 /* Debug */,
				02C7FA421BD9E7280095A3D8 /* Release */,
			);
			defaultConfigurationIsVisible = 0;
		};
/* End XCConfigurationList section */
	};
	rootObject = 02C7FA261BD9E7280095A3D8 /* Project object */;
}
