// !$*UTF8*$!
{
	archiveVersion = 1;
	classes = {
	};
	objectVersion = 46;
	objects = {

/* Begin PBXBuildFile section */
		02817A3E1C4E74E800EC2B2F /* AddItemViewController.swift in Sources */ = {isa = PBXBuildFile; fileRef = 02817A3D1C4E74E800EC2B2F /* AddItemViewController.swift */; };
		02817A401C4E756C00EC2B2F /* ItemsViewController.swift in Sources */ = {isa = PBXBuildFile; fileRef = 02817A3F1C4E756C00EC2B2F /* ItemsViewController.swift */; };
		02817A421C4E762800EC2B2F /* Item.swift in Sources */ = {isa = PBXBuildFile; fileRef = 02817A411C4E762800EC2B2F /* Item.swift */; };
		02EA077B1C4E71A1003C1F31 /* AppDelegate.swift in Sources */ = {isa = PBXBuildFile; fileRef = 02EA077A1C4E71A1003C1F31 /* AppDelegate.swift */; };
		02EA07801C4E71A1003C1F31 /* Main.storyboard in Resources */ = {isa = PBXBuildFile; fileRef = 02EA077E1C4E71A1003C1F31 /* Main.storyboard */; };
		02EA07821C4E71A1003C1F31 /* Assets.xcassets in Resources */ = {isa = PBXBuildFile; fileRef = 02EA07811C4E71A1003C1F31 /* Assets.xcassets */; };
		02EA07851C4E71A1003C1F31 /* LaunchScreen.storyboard in Resources */ = {isa = PBXBuildFile; fileRef = 02EA07831C4E71A1003C1F31 /* LaunchScreen.storyboard */; };
/* End PBXBuildFile section */

/* Begin PBXFileReference section */
		02817A3D1C4E74E800EC2B2F /* AddItemViewController.swift */ = {isa = PBXFileReference; fileEncoding = 4; lastKnownFileType = sourcecode.swift; path = AddItemViewController.swift; sourceTree = "<group>"; };
		02817A3F1C4E756C00EC2B2F /* ItemsViewController.swift */ = {isa = PBXFileReference; fileEncoding = 4; lastKnownFileType = sourcecode.swift; path = ItemsViewController.swift; sourceTree = "<group>"; };
		02817A411C4E762800EC2B2F /* Item.swift */ = {isa = PBXFileReference; fileEncoding = 4; lastKnownFileType = sourcecode.swift; path = Item.swift; sourceTree = "<group>"; };
		02EA07771C4E71A1003C1F31 /* ToDoList.app */ = {isa = PBXFileReference; explicitFileType = wrapper.application; includeInIndex = 0; path = ToDoList.app; sourceTree = BUILT_PRODUCTS_DIR; };
		02EA077A1C4E71A1003C1F31 /* AppDelegate.swift */ = {isa = PBXFileReference; lastKnownFileType = sourcecode.swift; path = AppDelegate.swift; sourceTree = "<group>"; };
		02EA077F1C4E71A1003C1F31 /* Base */ = {isa = PBXFileReference; lastKnownFileType = file.storyboard; name = Base; path = Base.lproj/Main.storyboard; sourceTree = "<group>"; };
		02EA07811C4E71A1003C1F31 /* Assets.xcassets */ = {isa = PBXFileReference; lastKnownFileType = folder.assetcatalog; path = Assets.xcassets; sourceTree = "<group>"; };
		02EA07841C4E71A1003C1F31 /* Base */ = {isa = PBXFileReference; lastKnownFileType = file.storyboard; name = Base; path = Base.lproj/LaunchScreen.storyboard; sourceTree = "<group>"; };
		02EA07861C4E71A1003C1F31 /* Info.plist */ = {isa = PBXFileReference; lastKnownFileType = text.plist.xml; path = Info.plist; sourceTree = "<group>"; };
/* End PBXFileReference section */

/* Begin PBXFrameworksBuildPhase section */
		02EA07741C4E71A1003C1F31 /* Frameworks */ = {
			isa = PBXFrameworksBuildPhase;
			buildActionMask = 2147483647;
			files = (
			);
			runOnlyForDeploymentPostprocessing = 0;
		};
/* End PBXFrameworksBuildPhase section */

/* Begin PBXGroup section */
		02EA076E1C4E71A1003C1F31 = {
			isa = PBXGroup;
			children = (
				02EA07791C4E71A1003C1F31 /* ToDoList */,
				02EA07781C4E71A1003C1F31 /* Products */,
			);
			sourceTree = "<group>";
		};
		02EA07781C4E71A1003C1F31 /* Products */ = {
			isa = PBXGroup;
			children = (
				02EA07771C4E71A1003C1F31 /* ToDoList.app */,
			);
			name = Products;
			sourceTree = "<group>";
		};
		02EA07791C4E71A1003C1F31 /* ToDoList */ = {
			isa = PBXGroup;
			children = (
				02EA077A1C4E71A1003C1F31 /* AppDelegate.swift */,
				02EA077E1C4E71A1003C1F31 /* Main.storyboard */,
				02EA07811C4E71A1003C1F31 /* Assets.xcassets */,
				02EA07831C4E71A1003C1F31 /* LaunchScreen.storyboard */,
				02EA07861C4E71A1003C1F31 /* Info.plist */,
				02817A3D1C4E74E800EC2B2F /* AddItemViewController.swift */,
				02817A3F1C4E756C00EC2B2F /* ItemsViewController.swift */,
				02817A411C4E762800EC2B2F /* Item.swift */,
			);
			path = ToDoList;
			sourceTree = "<group>";
		};
/* End PBXGroup section */

/* Begin PBXNativeTarget section */
		02EA07761C4E71A1003C1F31 /* ToDoList */ = {
			isa = PBXNativeTarget;
			buildConfigurationList = 02EA07891C4E71A1003C1F31 /* Build configuration list for PBXNativeTarget "ToDoList" */;
			buildPhases = (
				02EA07731C4E71A1003C1F31 /* Sources */,
				02EA07741C4E71A1003C1F31 /* Frameworks */,
				02EA07751C4E71A1003C1F31 /* Resources */,
			);
			buildRules = (
			);
			dependencies = (
			);
			name = ToDoList;
			productName = ToDoList;
			productReference = 02EA07771C4E71A1003C1F31 /* ToDoList.app */;
			productType = "com.apple.product-type.application";
		};
/* End PBXNativeTarget section */

/* Begin PBXProject section */
		02EA076F1C4E71A1003C1F31 /* Project object */ = {
			isa = PBXProject;
			attributes = {
				LastSwiftUpdateCheck = 0720;
				LastUpgradeCheck = 0720;
				ORGANIZATIONNAME = overtrue;
				TargetAttributes = {
					02EA07761C4E71A1003C1F31 = {
						CreatedOnToolsVersion = 7.2;
						DevelopmentTeam = CXFP2226F4;
					};
				};
			};
			buildConfigurationList = 02EA07721C4E71A1003C1F31 /* Build configuration list for PBXProject "ToDoList" */;
			compatibilityVersion = "Xcode 3.2";
			developmentRegion = English;
			hasScannedForEncodings = 0;
			knownRegions = (
				en,
				Base,
			);
			mainGroup = 02EA076E1C4E71A1003C1F31;
			productRefGroup = 02EA07781C4E71A1003C1F31 /* Products */;
			projectDirPath = "";
			projectRoot = "";
			targets = (
				02EA07761C4E71A1003C1F31 /* ToDoList */,
			);
		};
/* End PBXProject section */

/* Begin PBXResourcesBuildPhase section */
		02EA07751C4E71A1003C1F31 /* Resources */ = {
			isa = PBXResourcesBuildPhase;
			buildActionMask = 2147483647;
			files = (
				02EA07851C4E71A1003C1F31 /* LaunchScreen.storyboard in Resources */,
				02EA07821C4E71A1003C1F31 /* Assets.xcassets in Resources */,
				02EA07801C4E71A1003C1F31 /* Main.storyboard in Resources */,
			);
			runOnlyForDeploymentPostprocessing = 0;
		};
/* End PBXResourcesBuildPhase section */

/* Begin PBXSourcesBuildPhase section */
		02EA07731C4E71A1003C1F31 /* Sources */ = {
			isa = PBXSourcesBuildPhase;
			buildActionMask = 2147483647;
			files = (
				02817A421C4E762800EC2B2F /* Item.swift in Sources */,
				02EA077B1C4E71A1003C1F31 /* AppDelegate.swift in Sources */,
				02817A401C4E756C00EC2B2F /* ItemsViewController.swift in Sources */,
				02817A3E1C4E74E800EC2B2F /* AddItemViewController.swift in Sources */,
			);
			runOnlyForDeploymentPostprocessing = 0;
		};
/* End PBXSourcesBuildPhase section */

/* Begin PBXVariantGroup section */
		02EA077E1C4E71A1003C1F31 /* Main.storyboard */ = {
			isa = PBXVariantGroup;
			children = (
				02EA077F1C4E71A1003C1F31 /* Base */,
			);
			name = Main.storyboard;
			sourceTree = "<group>";
		};
		02EA07831C4E71A1003C1F31 /* LaunchScreen.storyboard */ = {
			isa = PBXVariantGroup;
			children = (
				02EA07841C4E71A1003C1F31 /* Base */,
			);
			name = LaunchScreen.storyboard;
			sourceTree = "<group>";
		};
/* End PBXVariantGroup section */

/* Begin XCBuildConfiguration section */
		02EA07871C4E71A1003C1F31 /* Debug */ = {
			isa = XCBuildConfiguration;
			buildSettings = {
				ALWAYS_SEARCH_USER_PATHS = NO;
				CLANG_CXX_LANGUAGE_STANDARD = "gnu++0x";
				CLANG_CXX_LIBRARY = "libc++";
				CLANG_ENABLE_MODULES = YES;
				CLANG_ENABLE_OBJC_ARC = YES;
				CLANG_WARN_BOOL_CONVERSION = YES;
				CLANG_WARN_CONSTANT_CONVERSION = YES;
				CLANG_WARN_DIRECT_OBJC_ISA_USAGE = YES_ERROR;
				CLANG_WARN_EMPTY_BODY = YES;
				CLANG_WARN_ENUM_CONVERSION = YES;
				CLANG_WARN_INT_CONVERSION = YES;
				CLANG_WARN_OBJC_ROOT_CLASS = YES_ERROR;
				CLANG_WARN_UNREACHABLE_CODE = YES;
				CLANG_WARN__DUPLICATE_METHOD_MATCH = YES;
				"CODE_SIGN_IDENTITY[sdk=iphoneos*]" = "iPhone Developer";
				COPY_PHASE_STRIP = NO;
				DEBUG_INFORMATION_FORMAT = dwarf;
				ENABLE_STRICT_OBJC_MSGSEND = YES;
				ENABLE_TESTABILITY = YES;
				GCC_C_LANGUAGE_STANDARD = gnu99;
				GCC_DYNAMIC_NO_PIC = NO;
				GCC_NO_COMMON_BLOCKS = YES;
				GCC_OPTIMIZATION_LEVEL = 0;
				GCC_PREPROCESSOR_DEFINITIONS = (
					"DEBUG=1",
					"$(inherited)",
				);
				GCC_WARN_64_TO_32_BIT_CONVERSION = YES;
				GCC_WARN_ABOUT_RETURN_TYPE = YES_ERROR;
				GCC_WARN_UNDECLARED_SELECTOR = YES;
				GCC_WARN_UNINITIALIZED_AUTOS = YES_AGGRESSIVE;
				GCC_WARN_UNUSED_FUNCTION = YES;
				GCC_WARN_UNUSED_VARIABLE = YES;
				IPHONEOS_DEPLOYMENT_TARGET = 9.2;
				MTL_ENABLE_DEBUG_INFO = YES;
				ONLY_ACTIVE_ARCH = YES;
				SDKROOT = iphoneos;
				SWIFT_OPTIMIZATION_LEVEL = "-Onone";
			};
			name = Debug;
		};
		02EA07881C4E71A1003C1F31 /* Release */ = {
			isa = XCBuildConfiguration;
			buildSettings = {
				ALWAYS_SEARCH_USER_PATHS = NO;
				CLANG_CXX_LANGUAGE_STANDARD = "gnu++0x";
				CLANG_CXX_LIBRARY = "libc++";
				CLANG_ENABLE_MODULES = YES;
				CLANG_ENABLE_OBJC_ARC = YES;
				CLANG_WARN_BOOL_CONVERSION = YES;
				CLANG_WARN_CONSTANT_CONVERSION = YES;
				CLANG_WARN_DIRECT_OBJC_ISA_USAGE = YES_ERROR;
				CLANG_WARN_EMPTY_BODY = YES;
				CLANG_WARN_ENUM_CONVERSION = YES;
				CLANG_WARN_INT_CONVERSION = YES;
				CLANG_WARN_OBJC_ROOT_CLASS = YES_ERROR;
				CLANG_WARN_UNREACHABLE_CODE = YES;
				CLANG_WARN__DUPLICATE_METHOD_MATCH = YES;
				"CODE_SIGN_IDENTITY[sdk=iphoneos*]" = "iPhone Developer";
				COPY_PHASE_STRIP = NO;
				DEBUG_INFORMATION_FORMAT = "dwarf-with-dsym";
				ENABLE_NS_ASSERTIONS = NO;
				ENABLE_STRICT_OBJC_MSGSEND = YES;
				GCC_C_LANGUAGE_STANDARD = gnu99;
				GCC_NO_COMMON_BLOCKS = YES;
				GCC_WARN_64_TO_32_BIT_CONVERSION = YES;
				GCC_WARN_ABOUT_RETURN_TYPE = YES_ERROR;
				GCC_WARN_UNDECLARED_SELECTOR = YES;
				GCC_WARN_UNINITIALIZED_AUTOS = YES_AGGRESSIVE;
				GCC_WARN_UNUSED_FUNCTION = YES;
				GCC_WARN_UNUSED_VARIABLE = YES;
				IPHONEOS_DEPLOYMENT_TARGET = 9.2;
				MTL_ENABLE_DEBUG_INFO = NO;
				SDKROOT = iphoneos;
				VALIDATE_PRODUCT = YES;
			};
			name = Release;
		};
		02EA078A1C4E71A1003C1F31 /* Debug */ = {
			isa = XCBuildConfiguration;
			buildSettings = {
				ASSETCATALOG_COMPILER_APPICON_NAME = AppIcon;
				INFOPLIST_FILE = ToDoList/Info.plist;
				LD_RUNPATH_SEARCH_PATHS = "$(inherited) @executable_path/Frameworks";
				PRODUCT_BUNDLE_IDENTIFIER = overtrue.ToDoList;
				PRODUCT_NAME = "$(TARGET_NAME)";
			};
			name = Debug;
		};
		02EA078B1C4E71A1003C1F31 /* Release */ = {
			isa = XCBuildConfiguration;
			buildSettings = {
				ASSETCATALOG_COMPILER_APPICON_NAME = AppIcon;
				INFOPLIST_FILE = ToDoList/Info.plist;
				LD_RUNPATH_SEARCH_PATHS = "$(inherited) @executable_path/Frameworks";
				PRODUCT_BUNDLE_IDENTIFIER = overtrue.ToDoList;
				PRODUCT_NAME = "$(TARGET_NAME)";
			};
			name = Release;
		};
/* End XCBuildConfiguration section */

/* Begin XCConfigurationList section */
		02EA07721C4E71A1003C1F31 /* Build configuration list for PBXProject "ToDoList" */ = {
			isa = XCConfigurationList;
			buildConfigurations = (
				02EA07871C4E71A1003C1F31 /* Debug */,
				02EA07881C4E71A1003C1F31 /* Release */,
			);
			defaultConfigurationIsVisible = 0;
			defaultConfigurationName = Release;
		};
		02EA07891C4E71A1003C1F31 /* Build configuration list for PBXNativeTarget "ToDoList" */ = {
			isa = XCConfigurationList;
			buildConfigurations = (
				02EA078A1C4E71A1003C1F31 /* Debug */,
				02EA078B1C4E71A1003C1F31 /* Release */,
			);
			defaultConfigurationIsVisible = 0;
			defaultConfigurationName = Release;
		};
/* End XCConfigurationList section */
	};
	rootObject = 02EA076F1C4E71A1003C1F31 /* Project object */;
}
